
Microsoft Visual Studio Solution File, Format Version 12.00
# Visual Studio Version 16
VisualStudioVersion = 16.0.29230.47
MinimumVisualStudioVersion = 10.0.40219.1
Project("{FAE04EC0-301F-11D3-BF4B-00C04F79EFBC}") = "CustomerApp.Android", "CustomerApp\CustomerApp.Android\CustomerApp.Android.csproj", "{A1D39BAE-0C3B-4E31-B64F-1592D6D657CA}"
EndProject
Project("{FAE04EC0-301F-11D3-BF4B-00C04F79EFBC}") = "CustomerApp.iOS", "CustomerApp\CustomerApp.iOS\CustomerApp.iOS.csproj", "{AA76DE94-F6CF-4B63-A107-A1EBEDD43DFC}"
EndProject
Project("{9A19103F-16F7-4668-BE54-9A1E7A4F7556}") = "CustomerApp", "CustomerApp\CustomerApp\CustomerApp.csproj", "{2273296A-41B1-4587-9257-7BC00F5CE9E4}"
EndProject
Project("{FAE04EC0-301F-11D3-BF4B-00C04F79EFBC}") = "CustomerTests", "CustomerTests\CustomerTests.csproj", "{70436DCA-0A1D-4B94-BD65-4631A59574C0}"
EndProject
Global
	GlobalSection(SolutionConfigurationPlatforms) = preSolution
		Debug|Any CPU = Debug|Any CPU
		Debug|iPhone = Debug|iPhone
		Debug|iPhoneSimulator = Debug|iPhoneSimulator
		Release|Any CPU = Release|Any CPU
		Release|iPhone = Release|iPhone
		Release|iPhoneSimulator = Release|iPhoneSimulator
	EndGlobalSection
	GlobalSection(ProjectConfigurationPlatforms) = postSolution
		{A1D39BAE-0C3B-4E31-B64F-1592D6D657CA}.Debug|Any CPU.ActiveCfg = Debug|Any CPU
		{A1D39BAE-0C3B-4E31-B64F-1592D6D657CA}.Debug|Any CPU.Build.0 = Debug|Any CPU
		{A1D39BAE-0C3B-4E31-B64F-1592D6D657CA}.Debug|Any CPU.Deploy.0 = Debug|Any CPU
		{A1D39BAE-0C3B-4E31-B64F-1592D6D657CA}.Debug|iPhone.ActiveCfg = Debug|Any CPU
		{A1D39BAE-0C3B-4E31-B64F-1592D6D657CA}.Debug|iPhone.Build.0 = Debug|Any CPU
		{A1D39BAE-0C3B-4E31-B64F-1592D6D657CA}.Debug|iPhone.Deploy.0 = Debug|Any CPU
		{A1D39BAE-0C3B-4E31-B64F-1592D6D657CA}.Debug|iPhoneSimulator.ActiveCfg = Debug|Any CPU
		{A1D39BAE-0C3B-4E31-B64F-1592D6D657CA}.Debug|iPhoneSimulator.Build.0 = Debug|Any CPU
		{A1D39BAE-0C3B-4E31-B64F-1592D6D657CA}.Debug|iPhoneSimulator.Deploy.0 = Debug|Any CPU
		{A1D39BAE-0C3B-4E31-B64F-1592D6D657CA}.Release|Any CPU.ActiveCfg = Release|Any CPU
		{A1D39BAE-0C3B-4E31-B64F-1592D6D657CA}.Release|Any CPU.Build.0 = Release|Any CPU
		{A1D39BAE-0C3B-4E31-B64F-1592D6D657CA}.Release|Any CPU.Deploy.0 = Release|Any CPU
		{A1D39BAE-0C3B-4E31-B64F-1592D6D657CA}.Release|iPhone.ActiveCfg = Release|Any CPU
		{A1D39BAE-0C3B-4E31-B64F-1592D6D657CA}.Release|iPhone.Build.0 = Release|Any CPU
		{A1D39BAE-0C3B-4E31-B64F-1592D6D657CA}.Release|iPhone.Deploy.0 = Release|Any CPU
		{A1D39BAE-0C3B-4E31-B64F-1592D6D657CA}.Release|iPhoneSimulator.ActiveCfg = Release|Any CPU
		{A1D39BAE-0C3B-4E31-B64F-1592D6D657CA}.Release|iPhoneSimulator.Build.0 = Release|Any CPU
		{A1D39BAE-0C3B-4E31-B64F-1592D6D657CA}.Release|iPhoneSimulator.Deploy.0 = Release|Any CPU
		{AA76DE94-F6CF-4B63-A107-A1EBEDD43DFC}.Debug|Any CPU.ActiveCfg = Debug|iPhoneSimulator
		{AA76DE94-F6CF-4B63-A107-A1EBEDD43DFC}.Debug|Any CPU.Build.0 = Debug|iPhoneSimulator
		{AA76DE94-F6CF-4B63-A107-A1EBEDD43DFC}.Debug|Any CPU.Deploy.0 = Debug|iPhoneSimulator
		{AA76DE94-F6CF-4B63-A107-A1EBEDD43DFC}.Debug|iPhone.ActiveCfg = Debug|iPhone
		{AA76DE94-F6CF-4B63-A107-A1EBEDD43DFC}.Debug|iPhone.Build.0 = Debug|iPhone
		{AA76DE94-F6CF-4B63-A107-A1EBEDD43DFC}.Debug|iPhone.Deploy.0 = Debug|iPhone
		{AA76DE94-F6CF-4B63-A107-A1EBEDD43DFC}.Debug|iPhoneSimulator.ActiveCfg = Debug|iPhoneSimulator
		{AA76DE94-F6CF-4B63-A107-A1EBEDD43DFC}.Debug|iPhoneSimulator.Build.0 = Debug|iPhoneSimulator
		{AA76DE94-F6CF-4B63-A107-A1EBEDD43DFC}.Debug|iPhoneSimulator.Deploy.0 = Debug|iPhoneSimulator
		{AA76DE94-F6CF-4B63-A107-A1EBEDD43DFC}.Release|Any CPU.ActiveCfg = Release|iPhone
		{AA76DE94-F6CF-4B63-A107-A1EBEDD43DFC}.Release|Any CPU.Build.0 = Release|iPhone
		{AA76DE94-F6CF-4B63-A107-A1EBEDD43DFC}.Release|Any CPU.Deploy.0 = Release|iPhone
		{AA76DE94-F6CF-4B63-A107-A1EBEDD43DFC}.Release|iPhone.ActiveCfg = Release|iPhone
		{AA76DE94-F6CF-4B63-A107-A1EBEDD43DFC}.Release|iPhone.Build.0 = Release|iPhone
		{AA76DE94-F6CF-4B63-A107-A1EBEDD43DFC}.Release|iPhone.Deploy.0 = Release|iPhone
		{AA76DE94-F6CF-4B63-A107-A1EBEDD43DFC}.Release|iPhoneSimulator.ActiveCfg = Release|iPhoneSimulator
		{AA76DE94-F6CF-4B63-A107-A1EBEDD43DFC}.Release|iPhoneSimulator.Build.0 = Release|iPhoneSimulator
		{AA76DE94-F6CF-4B63-A107-A1EBEDD43DFC}.Release|iPhoneSimulator.Deploy.0 = Release|iPhoneSimulator
		{2273296A-41B1-4587-9257-7BC00F5CE9E4}.Debug|Any CPU.ActiveCfg = Debug|Any CPU
		{2273296A-41B1-4587-9257-7BC00F5CE9E4}.Debug|Any CPU.Build.0 = Debug|Any CPU
		{2273296A-41B1-4587-9257-7BC00F5CE9E4}.Debug|Any CPU.Deploy.0 = Debug|Any CPU
		{2273296A-41B1-4587-9257-7BC00F5CE9E4}.Debug|iPhone.ActiveCfg = Debug|Any CPU
		{2273296A-41B1-4587-9257-7BC00F5CE9E4}.Debug|iPhone.Build.0 = Debug|Any CPU
		{2273296A-41B1-4587-9257-7BC00F5CE9E4}.Debug|iPhone.Deploy.0 = Debug|Any CPU
		{2273296A-41B1-4587-9257-7BC00F5CE9E4}.Debug|iPhoneSimulator.ActiveCfg = Debug|Any CPU
		{2273296A-41B1-4587-9257-7BC00F5CE9E4}.Debug|iPhoneSimulator.Build.0 = Debug|Any CPU
		{2273296A-41B1-4587-9257-7BC00F5CE9E4}.Debug|iPhoneSimulator.Deploy.0 = Debug|Any CPU
		{2273296A-41B1-4587-9257-7BC00F5CE9E4}.Release|Any CPU.ActiveCfg = Release|Any CPU
		{2273296A-41B1-4587-9257-7BC00F5CE9E4}.Release|Any CPU.Build.0 = Release|Any CPU
		{2273296A-41B1-4587-9257-7BC00F5CE9E4}.Release|Any CPU.Deploy.0 = Release|Any CPU
		{2273296A-41B1-4587-9257-7BC00F5CE9E4}.Release|iPhone.ActiveCfg = Release|Any CPU
		{2273296A-41B1-4587-9257-7BC00F5CE9E4}.Release|iPhone.Build.0 = Release|Any CPU
		{2273296A-41B1-4587-9257-7BC00F5CE9E4}.Release|iPhone.Deploy.0 = Release|Any CPU
		{2273296A-41B1-4587-9257-7BC00F5CE9E4}.Release|iPhoneSimulator.ActiveCfg = Release|Any CPU
		{2273296A-41B1-4587-9257-7BC00F5CE9E4}.Release|iPhoneSimulator.Build.0 = Release|Any CPU
		{2273296A-41B1-4587-9257-7BC00F5CE9E4}.Release|iPhoneSimulator.Deploy.0 = Release|Any CPU
		{70436DCA-0A1D-4B94-BD65-4631A59574C0}.Debug|Any CPU.ActiveCfg = Debug|Any CPU
		{70436DCA-0A1D-4B94-BD65-4631A59574C0}.Debug|Any CPU.Build.0 = Debug|Any CPU
		{70436DCA-0A1D-4B94-BD65-4631A59574C0}.Debug|iPhone.ActiveCfg = Debug|Any CPU
		{70436DCA-0A1D-4B94-BD65-4631A59574C0}.Debug|iPhone.Build.0 = Debug|Any CPU
		{70436DCA-0A1D-4B94-BD65-4631A59574C0}.Debug|iPhoneSimulator.ActiveCfg = Debug|Any CPU
		{70436DCA-0A1D-4B94-BD65-4631A59574C0}.Debug|iPhoneSimulator.Build.0 = Debug|Any CPU
		{70436DCA-0A1D-4B94-BD65-4631A59574C0}.Release|Any CPU.ActiveCfg = Release|Any CPU
		{70436DCA-0A1D-4B94-BD65-4631A59574C0}.Release|Any CPU.Build.0 = Release|Any CPU
		{70436DCA-0A1D-4B94-BD65-4631A59574C0}.Release|iPhone.ActiveCfg = Release|Any CPU
		{70436DCA-0A1D-4B94-BD65-4631A59574C0}.Release|iPhone.Build.0 = Release|Any CPU
		{70436DCA-0A1D-4B94-BD65-4631A59574C0}.Release|iPhoneSimulator.ActiveCfg = Release|Any CPU
		{70436DCA-0A1D-4B94-BD65-4631A59574C0}.Release|iPhoneSimulator.Build.0 = Release|Any CPU
	EndGlobalSection
	GlobalSection(SolutionProperties) = preSolution
		HideSolutionNode = FALSE
	EndGlobalSection
	GlobalSection(ExtensibilityGlobals) = postSolution
		SolutionGuid = {BB1A2729-B350-4108-9190-D47B45E39695}
	EndGlobalSection
EndGlobal
